
Microsoft Visual Studio Solution File, Format Version 12.00
# Visual Studio Version 17
VisualStudioVersion = 17.3.32901.215
MinimumVisualStudioVersion = 10.0.40219.1
Project("{FAE04EC0-301F-11D3-BF4B-00C04F79EFBC}") = "Penguin_Maze", "Penguin_Maze\Penguin_Maze.csproj", "{65177769-A628-4E28-97E7-466AA3A6BB19}"
EndProject
Global
	GlobalSection(SolutionConfigurationPlatforms) = preSolution
		Debug|Any CPU = Debug|Any CPU
		Release|Any CPU = Release|Any CPU
	EndGlobalSection
	GlobalSection(ProjectConfigurationPlatforms) = postSolution
		{65177769-A628-4E28-97E7-466AA3A6BB19}.Debug|Any CPU.ActiveCfg = Debug|Any CPU
		{65177769-A628-4E28-97E7-466AA3A6BB19}.Debug|Any CPU.Build.0 = Debug|Any CPU
		{65177769-A628-4E28-97E7-466AA3A6BB19}.Release|Any CPU.ActiveCfg = Release|Any CPU
		{65177769-A628-4E28-97E7-466AA3A6BB19}.Release|Any CPU.Build.0 = Release|Any CPU
	EndGlobalSection
	GlobalSection(SolutionProperties) = preSolution
		HideSolutionNode = FALSE
	EndGlobalSection
	GlobalSection(ExtensibilityGlobals) = postSolution
		SolutionGuid = {F84AA983-8CAB-43BB-98B9-5EBE61D6224A}
	EndGlobalSection
EndGlobal
